
Microsoft Visual Studio Solution File, Format Version 12.00
# Visual Studio Version 17
VisualStudioVersion = 17.10.35013.160
MinimumVisualStudioVersion = 10.0.40219.1
Project("{2150E333-8FDC-42A3-9474-1A3956D46DE8}") = "Inventory", "Inventory", "{0261BC48-EFAA-48E2-8BEA-9B5B51B9A340}"
EndProject
Project("{2150E333-8FDC-42A3-9474-1A3956D46DE8}") = "Services", "Services", "{42DB5F05-DC17-4E8C-9201-0CC96312E16B}"
EndProject
Project("{2150E333-8FDC-42A3-9474-1A3956D46DE8}") = "BuildingBlocks", "BuildingBlocks", "{001248B7-F5CF-44B1-B590-0D3EAEEAD8F7}"
EndProject
Project("{9A19103F-16F7-4668-BE54-9A1E7A4F7556}") = "BuildingBlocks", "BuildingBlocks\BuildingBlocks\BuildingBlocks.csproj", "{BB2CD1CC-BC83-47D5-AA08-C7A53BBEBCDD}"
EndProject
Project("{E53339B2-1760-4266-BCC7-CA923CBCF16C}") = "docker-compose", "docker-compose.dcproj", "{A9819DE6-3AC2-4498-97F4-B2AC2886556C}"
EndProject
Project("{9A19103F-16F7-4668-BE54-9A1E7A4F7556}") = "Cart.API", "Services\Cart\Cart.API\Cart.API.csproj", "{F7682D58-4B0E-4159-8BF2-DD2A3371FABC}"
EndProject
Project("{2150E333-8FDC-42A3-9474-1A3956D46DE8}") = "Cart", "Cart", "{816AA908-D5A7-4322-9490-4BD4F1DC8FE9}"
EndProject
Project("{9A19103F-16F7-4668-BE54-9A1E7A4F7556}") = "Inventory.API", "Services\Inventory\Inventory.API\Inventory.API.csproj", "{1CCC7CFD-0BF5-43B0-B1F2-7C4604565BD8}"
EndProject
Project("{2150E333-8FDC-42A3-9474-1A3956D46DE8}") = "Solution Items", "Solution Items", "{68CE8B1D-D311-4961-B855-4E0F33035EF4}"
	ProjectSection(SolutionItems) = preProject
		.editorconfig = .editorconfig
	EndProjectSection
EndProject
Project("{2150E333-8FDC-42A3-9474-1A3956D46DE8}") = "Discount", "Discount", "{06B42053-D2EA-424F-8C95-5026823F903D}"
EndProject
Project("{9A19103F-16F7-4668-BE54-9A1E7A4F7556}") = "Discount.Grpc", "Services\Discount\Discount.Grpc\Discount.Grpc.csproj", "{09B3D1ED-E86F-4E9D-90D8-DDB2633ED674}"
EndProject
Project("{2150E333-8FDC-42A3-9474-1A3956D46DE8}") = "Ordering", "Ordering", "{4BC666B7-E842-4E3F-997D-CFB8B3C83194}"
EndProject
Project("{9A19103F-16F7-4668-BE54-9A1E7A4F7556}") = "Ordering.API", "Services\Ordering\Ordering.API\Ordering.API.csproj", "{B169BD76-4852-43D2-9D6D-BCD854CB0433}"
EndProject
Project("{9A19103F-16F7-4668-BE54-9A1E7A4F7556}") = "Ordering.Domain", "Services\Ordering\Ordering.Domain\Ordering.Domain.csproj", "{DE026782-A643-4986-A582-DAC5E7B6F6F6}"
EndProject
Project("{9A19103F-16F7-4668-BE54-9A1E7A4F7556}") = "Ordering.Application", "Services\Ordering\Ordering.Application\Ordering.Application.csproj", "{18EF31D1-B4D6-4DE6-8352-9D08CB61CB27}"
EndProject
Project("{9A19103F-16F7-4668-BE54-9A1E7A4F7556}") = "Ordering.Infrastructure", "Services\Ordering\Ordering.Infrastructure\Ordering.Infrastructure.csproj", "{B0614145-E366-4391-8B1E-55439C306575}"
EndProject
Project("{9A19103F-16F7-4668-BE54-9A1E7A4F7556}") = "BuildingBlocks.Messaging", "BuildingBlocks\BuildingBlocks.Messaging\BuildingBlocks.Messaging.csproj", "{7183810F-9E0E-4398-9A44-7F9F7C079586}"
EndProject
Project("{2150E333-8FDC-42A3-9474-1A3956D46DE8}") = "ApiGateways", "ApiGateways", "{36049830-FA39-4700-B130-FE09DDF31D14}"
EndProject
Project("{9A19103F-16F7-4668-BE54-9A1E7A4F7556}") = "YarpApiGateway", "ApiGateways\YarpApiGateway\YarpApiGateway.csproj", "{5CA57810-72D6-447F-B20A-F15E753CCB82}"
EndProject
Global
	GlobalSection(SolutionConfigurationPlatforms) = preSolution
		Debug|Any CPU = Debug|Any CPU
		Release|Any CPU = Release|Any CPU
	EndGlobalSection
	GlobalSection(ProjectConfigurationPlatforms) = postSolution
		{BB2CD1CC-BC83-47D5-AA08-C7A53BBEBCDD}.Debug|Any CPU.ActiveCfg = Debug|Any CPU
		{BB2CD1CC-BC83-47D5-AA08-C7A53BBEBCDD}.Debug|Any CPU.Build.0 = Debug|Any CPU
		{BB2CD1CC-BC83-47D5-AA08-C7A53BBEBCDD}.Release|Any CPU.ActiveCfg = Release|Any CPU
		{BB2CD1CC-BC83-47D5-AA08-C7A53BBEBCDD}.Release|Any CPU.Build.0 = Release|Any CPU
		{A9819DE6-3AC2-4498-97F4-B2AC2886556C}.Debug|Any CPU.ActiveCfg = Debug|Any CPU
		{A9819DE6-3AC2-4498-97F4-B2AC2886556C}.Debug|Any CPU.Build.0 = Debug|Any CPU
		{A9819DE6-3AC2-4498-97F4-B2AC2886556C}.Release|Any CPU.ActiveCfg = Release|Any CPU
		{A9819DE6-3AC2-4498-97F4-B2AC2886556C}.Release|Any CPU.Build.0 = Release|Any CPU
		{F7682D58-4B0E-4159-8BF2-DD2A3371FABC}.Debug|Any CPU.ActiveCfg = Debug|Any CPU
		{F7682D58-4B0E-4159-8BF2-DD2A3371FABC}.Debug|Any CPU.Build.0 = Debug|Any CPU
		{F7682D58-4B0E-4159-8BF2-DD2A3371FABC}.Release|Any CPU.ActiveCfg = Release|Any CPU
		{F7682D58-4B0E-4159-8BF2-DD2A3371FABC}.Release|Any CPU.Build.0 = Release|Any CPU
		{1CCC7CFD-0BF5-43B0-B1F2-7C4604565BD8}.Debug|Any CPU.ActiveCfg = Debug|Any CPU
		{1CCC7CFD-0BF5-43B0-B1F2-7C4604565BD8}.Debug|Any CPU.Build.0 = Debug|Any CPU
		{1CCC7CFD-0BF5-43B0-B1F2-7C4604565BD8}.Release|Any CPU.ActiveCfg = Release|Any CPU
		{1CCC7CFD-0BF5-43B0-B1F2-7C4604565BD8}.Release|Any CPU.Build.0 = Release|Any CPU
		{09B3D1ED-E86F-4E9D-90D8-DDB2633ED674}.Debug|Any CPU.ActiveCfg = Debug|Any CPU
		{09B3D1ED-E86F-4E9D-90D8-DDB2633ED674}.Debug|Any CPU.Build.0 = Debug|Any CPU
		{09B3D1ED-E86F-4E9D-90D8-DDB2633ED674}.Release|Any CPU.ActiveCfg = Release|Any CPU
		{09B3D1ED-E86F-4E9D-90D8-DDB2633ED674}.Release|Any CPU.Build.0 = Release|Any CPU
		{B169BD76-4852-43D2-9D6D-BCD854CB0433}.Debug|Any CPU.ActiveCfg = Debug|Any CPU
		{B169BD76-4852-43D2-9D6D-BCD854CB0433}.Debug|Any CPU.Build.0 = Debug|Any CPU
		{B169BD76-4852-43D2-9D6D-BCD854CB0433}.Release|Any CPU.ActiveCfg = Release|Any CPU
		{B169BD76-4852-43D2-9D6D-BCD854CB0433}.Release|Any CPU.Build.0 = Release|Any CPU
		{DE026782-A643-4986-A582-DAC5E7B6F6F6}.Debug|Any CPU.ActiveCfg = Debug|Any CPU
		{DE026782-A643-4986-A582-DAC5E7B6F6F6}.Debug|Any CPU.Build.0 = Debug|Any CPU
		{DE026782-A643-4986-A582-DAC5E7B6F6F6}.Release|Any CPU.ActiveCfg = Release|Any CPU
		{DE026782-A643-4986-A582-DAC5E7B6F6F6}.Release|Any CPU.Build.0 = Release|Any CPU
		{18EF31D1-B4D6-4DE6-8352-9D08CB61CB27}.Debug|Any CPU.ActiveCfg = Debug|Any CPU
		{18EF31D1-B4D6-4DE6-8352-9D08CB61CB27}.Debug|Any CPU.Build.0 = Debug|Any CPU
		{18EF31D1-B4D6-4DE6-8352-9D08CB61CB27}.Release|Any CPU.ActiveCfg = Release|Any CPU
		{18EF31D1-B4D6-4DE6-8352-9D08CB61CB27}.Release|Any CPU.Build.0 = Release|Any CPU
		{B0614145-E366-4391-8B1E-55439C306575}.Debug|Any CPU.ActiveCfg = Debug|Any CPU
		{B0614145-E366-4391-8B1E-55439C306575}.Debug|Any CPU.Build.0 = Debug|Any CPU
		{B0614145-E366-4391-8B1E-55439C306575}.Release|Any CPU.ActiveCfg = Release|Any CPU
		{B0614145-E366-4391-8B1E-55439C306575}.Release|Any CPU.Build.0 = Release|Any CPU
		{7183810F-9E0E-4398-9A44-7F9F7C079586}.Debug|Any CPU.ActiveCfg = Debug|Any CPU
		{7183810F-9E0E-4398-9A44-7F9F7C079586}.Debug|Any CPU.Build.0 = Debug|Any CPU
		{7183810F-9E0E-4398-9A44-7F9F7C079586}.Release|Any CPU.ActiveCfg = Release|Any CPU
		{7183810F-9E0E-4398-9A44-7F9F7C079586}.Release|Any CPU.Build.0 = Release|Any CPU
		{5CA57810-72D6-447F-B20A-F15E753CCB82}.Debug|Any CPU.ActiveCfg = Debug|Any CPU
		{5CA57810-72D6-447F-B20A-F15E753CCB82}.Debug|Any CPU.Build.0 = Debug|Any CPU
		{5CA57810-72D6-447F-B20A-F15E753CCB82}.Release|Any CPU.ActiveCfg = Release|Any CPU
		{5CA57810-72D6-447F-B20A-F15E753CCB82}.Release|Any CPU.Build.0 = Release|Any CPU
	EndGlobalSection
	GlobalSection(SolutionProperties) = preSolution
		HideSolutionNode = FALSE
	EndGlobalSection
	GlobalSection(NestedProjects) = preSolution
		{0261BC48-EFAA-48E2-8BEA-9B5B51B9A340} = {42DB5F05-DC17-4E8C-9201-0CC96312E16B}
		{BB2CD1CC-BC83-47D5-AA08-C7A53BBEBCDD} = {001248B7-F5CF-44B1-B590-0D3EAEEAD8F7}
		{F7682D58-4B0E-4159-8BF2-DD2A3371FABC} = {816AA908-D5A7-4322-9490-4BD4F1DC8FE9}
		{816AA908-D5A7-4322-9490-4BD4F1DC8FE9} = {42DB5F05-DC17-4E8C-9201-0CC96312E16B}
		{1CCC7CFD-0BF5-43B0-B1F2-7C4604565BD8} = {0261BC48-EFAA-48E2-8BEA-9B5B51B9A340}
		{06B42053-D2EA-424F-8C95-5026823F903D} = {42DB5F05-DC17-4E8C-9201-0CC96312E16B}
		{09B3D1ED-E86F-4E9D-90D8-DDB2633ED674} = {06B42053-D2EA-424F-8C95-5026823F903D}
		{4BC666B7-E842-4E3F-997D-CFB8B3C83194} = {42DB5F05-DC17-4E8C-9201-0CC96312E16B}
		{B169BD76-4852-43D2-9D6D-BCD854CB0433} = {4BC666B7-E842-4E3F-997D-CFB8B3C83194}
		{DE026782-A643-4986-A582-DAC5E7B6F6F6} = {4BC666B7-E842-4E3F-997D-CFB8B3C83194}
		{18EF31D1-B4D6-4DE6-8352-9D08CB61CB27} = {4BC666B7-E842-4E3F-997D-CFB8B3C83194}
		{B0614145-E366-4391-8B1E-55439C306575} = {4BC666B7-E842-4E3F-997D-CFB8B3C83194}
		{7183810F-9E0E-4398-9A44-7F9F7C079586} = {001248B7-F5CF-44B1-B590-0D3EAEEAD8F7}
		{5CA57810-72D6-447F-B20A-F15E753CCB82} = {36049830-FA39-4700-B130-FE09DDF31D14}
	EndGlobalSection
	GlobalSection(ExtensibilityGlobals) = postSolution
		SolutionGuid = {AF447EE6-8E77-4B6C-A499-81DE75C67382}
	EndGlobalSection
EndGlobal
