
Microsoft Visual Studio Solution File, Format Version 12.00
# Visual Studio Version 17
VisualStudioVersion = 17.10.35013.160
MinimumVisualStudioVersion = 10.0.40219.1
Project("{2150E333-8FDC-42A3-9474-1A3956D46DE8}") = "Inventory", "Inventory", "{0261BC48-EFAA-48E2-8BEA-9B5B51B9A340}"
EndProject
Project("{2150E333-8FDC-42A3-9474-1A3956D46DE8}") = "Services", "Services", "{42DB5F05-DC17-4E8C-9201-0CC96312E16B}"
EndProject
Project("{2150E333-8FDC-42A3-9474-1A3956D46DE8}") = "BuildingBlocks", "BuildingBlocks", "{001248B7-F5CF-44B1-B590-0D3EAEEAD8F7}"
EndProject
Project("{E53339B2-1760-4266-BCC7-CA923CBCF16C}") = "docker-compose", "docker-compose.dcproj", "{A9819DE6-3AC2-4498-97F4-B2AC2886556C}"
EndProject
Project("{9A19103F-16F7-4668-BE54-9A1E7A4F7556}") = "Cart.API", "Services\Cart\Cart.API\Cart.API.csproj", "{F7682D58-4B0E-4159-8BF2-DD2A3371FABC}"
EndProject
Project("{2150E333-8FDC-42A3-9474-1A3956D46DE8}") = "Cart", "Cart", "{816AA908-D5A7-4322-9490-4BD4F1DC8FE9}"
EndProject
Project("{9A19103F-16F7-4668-BE54-9A1E7A4F7556}") = "Inventory.API", "Services\Inventory\Inventory.API\Inventory.API.csproj", "{1CCC7CFD-0BF5-43B0-B1F2-7C4604565BD8}"
EndProject
Project("{2150E333-8FDC-42A3-9474-1A3956D46DE8}") = "Solution Items", "Solution Items", "{68CE8B1D-D311-4961-B855-4E0F33035EF4}"
	ProjectSection(SolutionItems) = preProject
		.editorconfig = .editorconfig
		RabbitMQ\rabbitmq.conf = RabbitMQ\rabbitmq.conf
		Redis\redis.conf = Redis\redis.conf
	EndProjectSection
EndProject
Project("{2150E333-8FDC-42A3-9474-1A3956D46DE8}") = "Discount", "Discount", "{06B42053-D2EA-424F-8C95-5026823F903D}"
EndProject
Project("{9A19103F-16F7-4668-BE54-9A1E7A4F7556}") = "Discount.Grpc", "Services\Discount\Discount.Grpc\Discount.Grpc.csproj", "{09B3D1ED-E86F-4E9D-90D8-DDB2633ED674}"
EndProject
Project("{2150E333-8FDC-42A3-9474-1A3956D46DE8}") = "Order", "Order", "{4BC666B7-E842-4E3F-997D-CFB8B3C83194}"
EndProject
Project("{9A19103F-16F7-4668-BE54-9A1E7A4F7556}") = "BuildingBlocks.Messaging", "BuildingBlocks\BuildingBlocks.Messaging\BuildingBlocks.Messaging.csproj", "{7183810F-9E0E-4398-9A44-7F9F7C079586}"
EndProject
Project("{2150E333-8FDC-42A3-9474-1A3956D46DE8}") = "ApiGateways", "ApiGateways", "{36049830-FA39-4700-B130-FE09DDF31D14}"
EndProject
Project("{9A19103F-16F7-4668-BE54-9A1E7A4F7556}") = "YarpApiGateway", "ApiGateways\YarpApiGateway\YarpApiGateway.csproj", "{5CA57810-72D6-447F-B20A-F15E753CCB82}"
EndProject
Project("{2150E333-8FDC-42A3-9474-1A3956D46DE8}") = "WebApps", "WebApps", "{4FEE1EE8-E6F8-4A4A-BE8A-55B49AB5676A}"
EndProject
Project("{9A19103F-16F7-4668-BE54-9A1E7A4F7556}") = "Shopping.Web", "WebApps\Shopping.Web\Shopping.Web.csproj", "{C7F74E19-B68C-430F-98E9-349E2C8CE708}"
EndProject
Project("{9A19103F-16F7-4668-BE54-9A1E7A4F7556}") = "Order.API", "Services\Order\Order.API\Order.API.csproj", "{08F0A155-D986-495F-A93F-A0AABBC29A63}"
EndProject
Project("{9A19103F-16F7-4668-BE54-9A1E7A4F7556}") = "Order.Application", "Services\Order\Order.Application\Order.Application.csproj", "{35FB64D5-3759-41B8-A158-F2AAD523B5F9}"
EndProject
Project("{9A19103F-16F7-4668-BE54-9A1E7A4F7556}") = "Order.Domain", "Services\Order\Order.Domain\Order.Domain.csproj", "{7A49D9D9-789E-4ADD-BC22-181AA15453AD}"
EndProject
Project("{9A19103F-16F7-4668-BE54-9A1E7A4F7556}") = "Order.Infrastructure", "Services\Order\Order.Infrastructure\Order.Infrastructure.csproj", "{773634C4-9A5F-4265-8912-7D3489E10287}"
EndProject
Project("{2150E333-8FDC-42A3-9474-1A3956D46DE8}") = "Identity", "Identity", "{505B8DDB-D786-46AA-9311-25C1664FEBE4}"
EndProject
Project("{9A19103F-16F7-4668-BE54-9A1E7A4F7556}") = "BuildingBlocks.Cache", "BuildingBlocks\BuildingBlocks.Cache\BuildingBlocks.Cache.csproj", "{125FAF22-6B4B-44D4-8F6C-2B2601D139E1}"
EndProject
Project("{9A19103F-16F7-4668-BE54-9A1E7A4F7556}") = "BuildingBlocks.WebAPI", "BuildingBlocks\BuildingBlocks.WebAPI\BuildingBlocks.WebAPI.csproj", "{733C37D1-6C57-4C58-8FD0-651916A82ADC}"
EndProject
Project("{9A19103F-16F7-4668-BE54-9A1E7A4F7556}") = "OpeniddictServer", "Identity\Openiddict\OpeniddictServer.csproj", "{C94F16B8-254C-47A4-A4F0-60027BD5CC40}"
EndProject
Project("{9A19103F-16F7-4668-BE54-9A1E7A4F7556}") = "BuildingBlocks.Identity", "BuildingBlocks\BuildingBlocks.Identity\BuildingBlocks.Identity.csproj", "{82627320-2771-4B16-BEC7-78782F7489AF}"
EndProject
Global
	GlobalSection(SolutionConfigurationPlatforms) = preSolution
		Debug|Any CPU = Debug|Any CPU
		Release|Any CPU = Release|Any CPU
	EndGlobalSection
	GlobalSection(ProjectConfigurationPlatforms) = postSolution
		{A9819DE6-3AC2-4498-97F4-B2AC2886556C}.Debug|Any CPU.ActiveCfg = Debug|Any CPU
		{A9819DE6-3AC2-4498-97F4-B2AC2886556C}.Debug|Any CPU.Build.0 = Debug|Any CPU
		{A9819DE6-3AC2-4498-97F4-B2AC2886556C}.Release|Any CPU.ActiveCfg = Release|Any CPU
		{A9819DE6-3AC2-4498-97F4-B2AC2886556C}.Release|Any CPU.Build.0 = Release|Any CPU
		{F7682D58-4B0E-4159-8BF2-DD2A3371FABC}.Debug|Any CPU.ActiveCfg = Debug|Any CPU
		{F7682D58-4B0E-4159-8BF2-DD2A3371FABC}.Debug|Any CPU.Build.0 = Debug|Any CPU
		{F7682D58-4B0E-4159-8BF2-DD2A3371FABC}.Release|Any CPU.ActiveCfg = Release|Any CPU
		{F7682D58-4B0E-4159-8BF2-DD2A3371FABC}.Release|Any CPU.Build.0 = Release|Any CPU
		{1CCC7CFD-0BF5-43B0-B1F2-7C4604565BD8}.Debug|Any CPU.ActiveCfg = Debug|Any CPU
		{1CCC7CFD-0BF5-43B0-B1F2-7C4604565BD8}.Debug|Any CPU.Build.0 = Debug|Any CPU
		{1CCC7CFD-0BF5-43B0-B1F2-7C4604565BD8}.Release|Any CPU.ActiveCfg = Release|Any CPU
		{1CCC7CFD-0BF5-43B0-B1F2-7C4604565BD8}.Release|Any CPU.Build.0 = Release|Any CPU
		{09B3D1ED-E86F-4E9D-90D8-DDB2633ED674}.Debug|Any CPU.ActiveCfg = Debug|Any CPU
		{09B3D1ED-E86F-4E9D-90D8-DDB2633ED674}.Debug|Any CPU.Build.0 = Debug|Any CPU
		{09B3D1ED-E86F-4E9D-90D8-DDB2633ED674}.Release|Any CPU.ActiveCfg = Release|Any CPU
		{09B3D1ED-E86F-4E9D-90D8-DDB2633ED674}.Release|Any CPU.Build.0 = Release|Any CPU
		{7183810F-9E0E-4398-9A44-7F9F7C079586}.Debug|Any CPU.ActiveCfg = Debug|Any CPU
		{7183810F-9E0E-4398-9A44-7F9F7C079586}.Debug|Any CPU.Build.0 = Debug|Any CPU
		{7183810F-9E0E-4398-9A44-7F9F7C079586}.Release|Any CPU.ActiveCfg = Release|Any CPU
		{7183810F-9E0E-4398-9A44-7F9F7C079586}.Release|Any CPU.Build.0 = Release|Any CPU
		{5CA57810-72D6-447F-B20A-F15E753CCB82}.Debug|Any CPU.ActiveCfg = Debug|Any CPU
		{5CA57810-72D6-447F-B20A-F15E753CCB82}.Debug|Any CPU.Build.0 = Debug|Any CPU
		{5CA57810-72D6-447F-B20A-F15E753CCB82}.Release|Any CPU.ActiveCfg = Release|Any CPU
		{5CA57810-72D6-447F-B20A-F15E753CCB82}.Release|Any CPU.Build.0 = Release|Any CPU
		{C7F74E19-B68C-430F-98E9-349E2C8CE708}.Debug|Any CPU.ActiveCfg = Debug|Any CPU
		{C7F74E19-B68C-430F-98E9-349E2C8CE708}.Debug|Any CPU.Build.0 = Debug|Any CPU
		{C7F74E19-B68C-430F-98E9-349E2C8CE708}.Release|Any CPU.ActiveCfg = Release|Any CPU
		{C7F74E19-B68C-430F-98E9-349E2C8CE708}.Release|Any CPU.Build.0 = Release|Any CPU
		{08F0A155-D986-495F-A93F-A0AABBC29A63}.Debug|Any CPU.ActiveCfg = Debug|Any CPU
		{08F0A155-D986-495F-A93F-A0AABBC29A63}.Debug|Any CPU.Build.0 = Debug|Any CPU
		{08F0A155-D986-495F-A93F-A0AABBC29A63}.Release|Any CPU.ActiveCfg = Release|Any CPU
		{08F0A155-D986-495F-A93F-A0AABBC29A63}.Release|Any CPU.Build.0 = Release|Any CPU
		{35FB64D5-3759-41B8-A158-F2AAD523B5F9}.Debug|Any CPU.ActiveCfg = Debug|Any CPU
		{35FB64D5-3759-41B8-A158-F2AAD523B5F9}.Debug|Any CPU.Build.0 = Debug|Any CPU
		{35FB64D5-3759-41B8-A158-F2AAD523B5F9}.Release|Any CPU.ActiveCfg = Release|Any CPU
		{35FB64D5-3759-41B8-A158-F2AAD523B5F9}.Release|Any CPU.Build.0 = Release|Any CPU
		{7A49D9D9-789E-4ADD-BC22-181AA15453AD}.Debug|Any CPU.ActiveCfg = Debug|Any CPU
		{7A49D9D9-789E-4ADD-BC22-181AA15453AD}.Debug|Any CPU.Build.0 = Debug|Any CPU
		{7A49D9D9-789E-4ADD-BC22-181AA15453AD}.Release|Any CPU.ActiveCfg = Release|Any CPU
		{7A49D9D9-789E-4ADD-BC22-181AA15453AD}.Release|Any CPU.Build.0 = Release|Any CPU
		{773634C4-9A5F-4265-8912-7D3489E10287}.Debug|Any CPU.ActiveCfg = Debug|Any CPU
		{773634C4-9A5F-4265-8912-7D3489E10287}.Debug|Any CPU.Build.0 = Debug|Any CPU
		{773634C4-9A5F-4265-8912-7D3489E10287}.Release|Any CPU.ActiveCfg = Release|Any CPU
		{773634C4-9A5F-4265-8912-7D3489E10287}.Release|Any CPU.Build.0 = Release|Any CPU
		{125FAF22-6B4B-44D4-8F6C-2B2601D139E1}.Debug|Any CPU.ActiveCfg = Debug|Any CPU
		{125FAF22-6B4B-44D4-8F6C-2B2601D139E1}.Debug|Any CPU.Build.0 = Debug|Any CPU
		{125FAF22-6B4B-44D4-8F6C-2B2601D139E1}.Release|Any CPU.ActiveCfg = Release|Any CPU
		{125FAF22-6B4B-44D4-8F6C-2B2601D139E1}.Release|Any CPU.Build.0 = Release|Any CPU
		{733C37D1-6C57-4C58-8FD0-651916A82ADC}.Debug|Any CPU.ActiveCfg = Debug|Any CPU
		{733C37D1-6C57-4C58-8FD0-651916A82ADC}.Debug|Any CPU.Build.0 = Debug|Any CPU
		{733C37D1-6C57-4C58-8FD0-651916A82ADC}.Release|Any CPU.ActiveCfg = Release|Any CPU
		{733C37D1-6C57-4C58-8FD0-651916A82ADC}.Release|Any CPU.Build.0 = Release|Any CPU
		{C94F16B8-254C-47A4-A4F0-60027BD5CC40}.Debug|Any CPU.ActiveCfg = Debug|Any CPU
		{C94F16B8-254C-47A4-A4F0-60027BD5CC40}.Debug|Any CPU.Build.0 = Debug|Any CPU
		{C94F16B8-254C-47A4-A4F0-60027BD5CC40}.Release|Any CPU.ActiveCfg = Release|Any CPU
		{C94F16B8-254C-47A4-A4F0-60027BD5CC40}.Release|Any CPU.Build.0 = Release|Any CPU
		{82627320-2771-4B16-BEC7-78782F7489AF}.Debug|Any CPU.ActiveCfg = Debug|Any CPU
		{82627320-2771-4B16-BEC7-78782F7489AF}.Debug|Any CPU.Build.0 = Debug|Any CPU
		{82627320-2771-4B16-BEC7-78782F7489AF}.Release|Any CPU.ActiveCfg = Release|Any CPU
		{82627320-2771-4B16-BEC7-78782F7489AF}.Release|Any CPU.Build.0 = Release|Any CPU
	EndGlobalSection
	GlobalSection(SolutionProperties) = preSolution
		HideSolutionNode = FALSE
	EndGlobalSection
	GlobalSection(NestedProjects) = preSolution
		{0261BC48-EFAA-48E2-8BEA-9B5B51B9A340} = {42DB5F05-DC17-4E8C-9201-0CC96312E16B}
		{F7682D58-4B0E-4159-8BF2-DD2A3371FABC} = {816AA908-D5A7-4322-9490-4BD4F1DC8FE9}
		{816AA908-D5A7-4322-9490-4BD4F1DC8FE9} = {42DB5F05-DC17-4E8C-9201-0CC96312E16B}
		{1CCC7CFD-0BF5-43B0-B1F2-7C4604565BD8} = {0261BC48-EFAA-48E2-8BEA-9B5B51B9A340}
		{06B42053-D2EA-424F-8C95-5026823F903D} = {42DB5F05-DC17-4E8C-9201-0CC96312E16B}
		{09B3D1ED-E86F-4E9D-90D8-DDB2633ED674} = {06B42053-D2EA-424F-8C95-5026823F903D}
		{4BC666B7-E842-4E3F-997D-CFB8B3C83194} = {42DB5F05-DC17-4E8C-9201-0CC96312E16B}
		{7183810F-9E0E-4398-9A44-7F9F7C079586} = {001248B7-F5CF-44B1-B590-0D3EAEEAD8F7}
		{5CA57810-72D6-447F-B20A-F15E753CCB82} = {36049830-FA39-4700-B130-FE09DDF31D14}
		{C7F74E19-B68C-430F-98E9-349E2C8CE708} = {4FEE1EE8-E6F8-4A4A-BE8A-55B49AB5676A}
		{08F0A155-D986-495F-A93F-A0AABBC29A63} = {4BC666B7-E842-4E3F-997D-CFB8B3C83194}
		{35FB64D5-3759-41B8-A158-F2AAD523B5F9} = {4BC666B7-E842-4E3F-997D-CFB8B3C83194}
		{7A49D9D9-789E-4ADD-BC22-181AA15453AD} = {4BC666B7-E842-4E3F-997D-CFB8B3C83194}
		{773634C4-9A5F-4265-8912-7D3489E10287} = {4BC666B7-E842-4E3F-997D-CFB8B3C83194}
		{125FAF22-6B4B-44D4-8F6C-2B2601D139E1} = {001248B7-F5CF-44B1-B590-0D3EAEEAD8F7}
		{733C37D1-6C57-4C58-8FD0-651916A82ADC} = {001248B7-F5CF-44B1-B590-0D3EAEEAD8F7}
		{C94F16B8-254C-47A4-A4F0-60027BD5CC40} = {505B8DDB-D786-46AA-9311-25C1664FEBE4}
		{82627320-2771-4B16-BEC7-78782F7489AF} = {001248B7-F5CF-44B1-B590-0D3EAEEAD8F7}
	EndGlobalSection
	GlobalSection(ExtensibilityGlobals) = postSolution
		SolutionGuid = {AF447EE6-8E77-4B6C-A499-81DE75C67382}
	EndGlobalSection
EndGlobal
